// !$*UTF8*$!
{
	archiveVersion = 1;
	classes = {
	};
	objectVersion = 50;
	objects = {

/* Begin PBXBuildFile section */
		94F6924196FCD6E243B97375 /* Pods_reamlRememberTools.framework in Frameworks */ = {isa = PBXBuildFile; fileRef = 123C9AECAD1B53A4C564404D /* Pods_reamlRememberTools.framework */; };
		BF109DD421DDEC0F00E5B604 /* AppDelegate.swift in Sources */ = {isa = PBXBuildFile; fileRef = BF109DD321DDEC0F00E5B604 /* AppDelegate.swift */; };
		BF109DDB21DDEC1100E5B604 /* Assets.xcassets in Resources */ = {isa = PBXBuildFile; fileRef = BF109DDA21DDEC1100E5B604 /* Assets.xcassets */; };
		BF109DDE21DDEC1100E5B604 /* LaunchScreen.storyboard in Resources */ = {isa = PBXBuildFile; fileRef = BF109DDC21DDEC1100E5B604 /* LaunchScreen.storyboard */; };
		BF109DE821DDEC6A00E5B604 /* extension+UIView.swift in Sources */ = {isa = PBXBuildFile; fileRef = BF109DE621DDEC6A00E5B604 /* extension+UIView.swift */; };
		BF109DE921DDEC6A00E5B604 /* extension+Double.swift in Sources */ = {isa = PBXBuildFile; fileRef = BF109DE721DDEC6A00E5B604 /* extension+Double.swift */; };
		BF109DED21DDEC7200E5B604 /* TableViewViewController.swift in Sources */ = {isa = PBXBuildFile; fileRef = BF109DEB21DDEC7200E5B604 /* TableViewViewController.swift */; };
		BF109DEE21DDEC7200E5B604 /* TableViewCellViewController.swift in Sources */ = {isa = PBXBuildFile; fileRef = BF109DEC21DDEC7200E5B604 /* TableViewCellViewController.swift */; };
		BF109DF021DDEC7F00E5B604 /* Main.storyboard in Resources */ = {isa = PBXBuildFile; fileRef = BF109DEF21DDEC7F00E5B604 /* Main.storyboard */; };
		BF109DF421DDEC8900E5B604 /* addData.swift in Sources */ = {isa = PBXBuildFile; fileRef = BF109DF221DDEC8900E5B604 /* addData.swift */; };
		BF109DF521DDEC8900E5B604 /* addData.xib in Resources */ = {isa = PBXBuildFile; fileRef = BF109DF321DDEC8900E5B604 /* addData.xib */; };
		BF109DF721DDEC9D00E5B604 /* DetailViewController.swift in Sources */ = {isa = PBXBuildFile; fileRef = BF109DF621DDEC9D00E5B604 /* DetailViewController.swift */; };
		BF109DF921DDECB200E5B604 /* ViewController.swift in Sources */ = {isa = PBXBuildFile; fileRef = BF109DF821DDECB200E5B604 /* ViewController.swift */; };
		BF109DFB21DDF37900E5B604 /* Stock.swift in Sources */ = {isa = PBXBuildFile; fileRef = BF109DFA21DDF37900E5B604 /* Stock.swift */; };
		BF267BB6222962E000465E41 /* LottieAnimationViewController.swift in Sources */ = {isa = PBXBuildFile; fileRef = BF267BB5222962E000465E41 /* LottieAnimationViewController.swift */; };
		BF267BB9222967EC00465E41 /* special_circle.json in Resources */ = {isa = PBXBuildFile; fileRef = BF267BB8222967EC00465E41 /* special_circle.json */; };
		BF3CA8C8220C0FCD009E3069 /* SettingViewController.swift in Sources */ = {isa = PBXBuildFile; fileRef = BF3CA8C7220C0FCD009E3069 /* SettingViewController.swift */; };
		BF56900E21F5C5F700FFF61C /* CheckNetwork.swift in Sources */ = {isa = PBXBuildFile; fileRef = BF56900D21F5C5F700FFF61C /* CheckNetwork.swift */; };
		BF56903621FAE64000FFF61C /* realmAction.swift in Sources */ = {isa = PBXBuildFile; fileRef = BF56903521FAE63F00FFF61C /* realmAction.swift */; };
		BF56903C21FB4E7100FFF61C /* editNumber.swift in Sources */ = {isa = PBXBuildFile; fileRef = BF56903821FB4E7100FFF61C /* editNumber.swift */; };
		BF56903D21FB4E7100FFF61C /* editNumber.xib in Resources */ = {isa = PBXBuildFile; fileRef = BF56903921FB4E7100FFF61C /* editNumber.xib */; };
		BF56903E21FB4E7100FFF61C /* editData.swift in Sources */ = {isa = PBXBuildFile; fileRef = BF56903A21FB4E7100FFF61C /* editData.swift */; };
		BF56903F21FB4E7100FFF61C /* editData.xib in Resources */ = {isa = PBXBuildFile; fileRef = BF56903B21FB4E7100FFF61C /* editData.xib */; };
		BF56904121FC3A1900FFF61C /* extension+Array.swift in Sources */ = {isa = PBXBuildFile; fileRef = BF56904021FC3A1900FFF61C /* extension+Array.swift */; };
		BF56904321FC3A5700FFF61C /* Tools.swift in Sources */ = {isa = PBXBuildFile; fileRef = BF56904221FC3A5700FFF61C /* Tools.swift */; };
		BFBC9031223945DF00C4DE29 /* profile.xib in Resources */ = {isa = PBXBuildFile; fileRef = BFBC9030223945DF00C4DE29 /* profile.xib */; };
		BFBC9033223945F200C4DE29 /* profile.swift in Sources */ = {isa = PBXBuildFile; fileRef = BFBC9032223945F200C4DE29 /* profile.swift */; };
		BFD886C921E6106D00ADC441 /* addNumber.swift in Sources */ = {isa = PBXBuildFile; fileRef = BFD886C821E6106D00ADC441 /* addNumber.swift */; };
		BFD886CB21E6107700ADC441 /* addNumber.xib in Resources */ = {isa = PBXBuildFile; fileRef = BFD886CA21E6107700ADC441 /* addNumber.xib */; };
		BFF7354D21E86B8A00B4C12F /* YearTableViewCell.swift in Sources */ = {isa = PBXBuildFile; fileRef = BFF7354C21E86B8A00B4C12F /* YearTableViewCell.swift */; };
		BFF7355021E86F1400B4C12F /* YearTableViewController.swift in Sources */ = {isa = PBXBuildFile; fileRef = BFF7354F21E86F1400B4C12F /* YearTableViewController.swift */; };
/* End PBXBuildFile section */

/* Begin PBXFileReference section */
		123C9AECAD1B53A4C564404D /* Pods_reamlRememberTools.framework */ = {isa = PBXFileReference; explicitFileType = wrapper.framework; includeInIndex = 0; path = Pods_reamlRememberTools.framework; sourceTree = BUILT_PRODUCTS_DIR; };
		BF109DD021DDEC0F00E5B604 /* reamlRememberTools.app */ = {isa = PBXFileReference; explicitFileType = wrapper.application; includeInIndex = 0; path = reamlRememberTools.app; sourceTree = BUILT_PRODUCTS_DIR; };
		BF109DD321DDEC0F00E5B604 /* AppDelegate.swift */ = {isa = PBXFileReference; lastKnownFileType = sourcecode.swift; path = AppDelegate.swift; sourceTree = "<group>"; };
		BF109DDA21DDEC1100E5B604 /* Assets.xcassets */ = {isa = PBXFileReference; lastKnownFileType = folder.assetcatalog; path = Assets.xcassets; sourceTree = "<group>"; };
		BF109DDD21DDEC1100E5B604 /* Base */ = {isa = PBXFileReference; lastKnownFileType = file.storyboard; name = Base; path = Base.lproj/LaunchScreen.storyboard; sourceTree = "<group>"; };
		BF109DDF21DDEC1100E5B604 /* Info.plist */ = {isa = PBXFileReference; lastKnownFileType = text.plist.xml; path = Info.plist; sourceTree = "<group>"; };
		BF109DE621DDEC6A00E5B604 /* extension+UIView.swift */ = {isa = PBXFileReference; fileEncoding = 4; lastKnownFileType = sourcecode.swift; path = "extension+UIView.swift"; sourceTree = "<group>"; };
		BF109DE721DDEC6A00E5B604 /* extension+Double.swift */ = {isa = PBXFileReference; fileEncoding = 4; lastKnownFileType = sourcecode.swift; path = "extension+Double.swift"; sourceTree = "<group>"; };
		BF109DEB21DDEC7200E5B604 /* TableViewViewController.swift */ = {isa = PBXFileReference; fileEncoding = 4; lastKnownFileType = sourcecode.swift; path = TableViewViewController.swift; sourceTree = "<group>"; };
		BF109DEC21DDEC7200E5B604 /* TableViewCellViewController.swift */ = {isa = PBXFileReference; fileEncoding = 4; lastKnownFileType = sourcecode.swift; path = TableViewCellViewController.swift; sourceTree = "<group>"; };
		BF109DEF21DDEC7F00E5B604 /* Main.storyboard */ = {isa = PBXFileReference; fileEncoding = 4; lastKnownFileType = file.storyboard; path = Main.storyboard; sourceTree = "<group>"; };
		BF109DF221DDEC8900E5B604 /* addData.swift */ = {isa = PBXFileReference; fileEncoding = 4; lastKnownFileType = sourcecode.swift; path = addData.swift; sourceTree = "<group>"; };
		BF109DF321DDEC8900E5B604 /* addData.xib */ = {isa = PBXFileReference; fileEncoding = 4; lastKnownFileType = file.xib; path = addData.xib; sourceTree = "<group>"; };
		BF109DF621DDEC9D00E5B604 /* DetailViewController.swift */ = {isa = PBXFileReference; fileEncoding = 4; lastKnownFileType = sourcecode.swift; path = DetailViewController.swift; sourceTree = "<group>"; };
		BF109DF821DDECB200E5B604 /* ViewController.swift */ = {isa = PBXFileReference; fileEncoding = 4; lastKnownFileType = sourcecode.swift; path = ViewController.swift; sourceTree = "<group>"; };
		BF109DFA21DDF37900E5B604 /* Stock.swift */ = {isa = PBXFileReference; lastKnownFileType = sourcecode.swift; path = Stock.swift; sourceTree = "<group>"; };
		BF267BB5222962E000465E41 /* LottieAnimationViewController.swift */ = {isa = PBXFileReference; fileEncoding = 4; lastKnownFileType = sourcecode.swift; path = LottieAnimationViewController.swift; sourceTree = "<group>"; };
		BF267BB8222967EC00465E41 /* special_circle.json */ = {isa = PBXFileReference; fileEncoding = 4; lastKnownFileType = text.json; name = special_circle.json; path = reamlRememberTools/Module/Controller/Controller/special_circle.json; sourceTree = SOURCE_ROOT; };
		BF3CA8C7220C0FCD009E3069 /* SettingViewController.swift */ = {isa = PBXFileReference; lastKnownFileType = sourcecode.swift; path = SettingViewController.swift; sourceTree = "<group>"; };
		BF56900D21F5C5F700FFF61C /* CheckNetwork.swift */ = {isa = PBXFileReference; lastKnownFileType = sourcecode.swift; path = CheckNetwork.swift; sourceTree = "<group>"; };
		BF56903521FAE63F00FFF61C /* realmAction.swift */ = {isa = PBXFileReference; lastKnownFileType = sourcecode.swift; path = realmAction.swift; sourceTree = "<group>"; };
		BF56903821FB4E7100FFF61C /* editNumber.swift */ = {isa = PBXFileReference; fileEncoding = 4; lastKnownFileType = sourcecode.swift; path = editNumber.swift; sourceTree = "<group>"; };
		BF56903921FB4E7100FFF61C /* editNumber.xib */ = {isa = PBXFileReference; fileEncoding = 4; lastKnownFileType = file.xib; path = editNumber.xib; sourceTree = "<group>"; };
		BF56903A21FB4E7100FFF61C /* editData.swift */ = {isa = PBXFileReference; fileEncoding = 4; lastKnownFileType = sourcecode.swift; path = editData.swift; sourceTree = "<group>"; };
		BF56903B21FB4E7100FFF61C /* editData.xib */ = {isa = PBXFileReference; fileEncoding = 4; lastKnownFileType = file.xib; path = editData.xib; sourceTree = "<group>"; };
		BF56904021FC3A1900FFF61C /* extension+Array.swift */ = {isa = PBXFileReference; lastKnownFileType = sourcecode.swift; path = "extension+Array.swift"; sourceTree = "<group>"; };
		BF56904221FC3A5700FFF61C /* Tools.swift */ = {isa = PBXFileReference; lastKnownFileType = sourcecode.swift; path = Tools.swift; sourceTree = "<group>"; };
		BFBC9030223945DF00C4DE29 /* profile.xib */ = {isa = PBXFileReference; lastKnownFileType = file.xib; path = profile.xib; sourceTree = "<group>"; };
		BFBC9032223945F200C4DE29 /* profile.swift */ = {isa = PBXFileReference; lastKnownFileType = sourcecode.swift; path = profile.swift; sourceTree = "<group>"; };
		BFD886C821E6106D00ADC441 /* addNumber.swift */ = {isa = PBXFileReference; lastKnownFileType = sourcecode.swift; path = addNumber.swift; sourceTree = "<group>"; };
		BFD886CA21E6107700ADC441 /* addNumber.xib */ = {isa = PBXFileReference; lastKnownFileType = file.xib; path = addNumber.xib; sourceTree = "<group>"; };
		BFF7354C21E86B8A00B4C12F /* YearTableViewCell.swift */ = {isa = PBXFileReference; lastKnownFileType = sourcecode.swift; path = YearTableViewCell.swift; sourceTree = "<group>"; };
		BFF7354F21E86F1400B4C12F /* YearTableViewController.swift */ = {isa = PBXFileReference; lastKnownFileType = sourcecode.swift; path = YearTableViewController.swift; sourceTree = "<group>"; };
		CF64E39629E9FF6D5D8FF8DB /* Pods-reamlRememberTools.release.xcconfig */ = {isa = PBXFileReference; includeInIndex = 1; lastKnownFileType = text.xcconfig; name = "Pods-reamlRememberTools.release.xcconfig"; path = "Pods/Target Support Files/Pods-reamlRememberTools/Pods-reamlRememberTools.release.xcconfig"; sourceTree = "<group>"; };
		DBB000EF5D0400BF99AB7A8A /* Pods-reamlRememberTools.debug.xcconfig */ = {isa = PBXFileReference; includeInIndex = 1; lastKnownFileType = text.xcconfig; name = "Pods-reamlRememberTools.debug.xcconfig"; path = "Pods/Target Support Files/Pods-reamlRememberTools/Pods-reamlRememberTools.debug.xcconfig"; sourceTree = "<group>"; };
/* End PBXFileReference section */

/* Begin PBXFrameworksBuildPhase section */
		BF109DCD21DDEC0F00E5B604 /* Frameworks */ = {
			isa = PBXFrameworksBuildPhase;
			buildActionMask = 2147483647;
			files = (
				94F6924196FCD6E243B97375 /* Pods_reamlRememberTools.framework in Frameworks */,
			);
			runOnlyForDeploymentPostprocessing = 0;
		};
/* End PBXFrameworksBuildPhase section */

/* Begin PBXGroup section */
		492243AA44D6BD55591E2202 /* Pods */ = {
			isa = PBXGroup;
			children = (
				DBB000EF5D0400BF99AB7A8A /* Pods-reamlRememberTools.debug.xcconfig */,
				CF64E39629E9FF6D5D8FF8DB /* Pods-reamlRememberTools.release.xcconfig */,
			);
			name = Pods;
			sourceTree = "<group>";
		};
		893B7ACAE8FAA0A23613F205 /* Frameworks */ = {
			isa = PBXGroup;
			children = (
				123C9AECAD1B53A4C564404D /* Pods_reamlRememberTools.framework */,
			);
			name = Frameworks;
			sourceTree = "<group>";
		};
		BF109DC721DDEC0F00E5B604 = {
			isa = PBXGroup;
			children = (
				BF109DD221DDEC0F00E5B604 /* reamlRememberTools */,
				BF109DD121DDEC0F00E5B604 /* Products */,
				492243AA44D6BD55591E2202 /* Pods */,
				893B7ACAE8FAA0A23613F205 /* Frameworks */,
			);
			sourceTree = "<group>";
		};
		BF109DD121DDEC0F00E5B604 /* Products */ = {
			isa = PBXGroup;
			children = (
				BF109DD021DDEC0F00E5B604 /* reamlRememberTools.app */,
			);
			name = Products;
			sourceTree = "<group>";
		};
		BF109DD221DDEC0F00E5B604 /* reamlRememberTools */ = {
			isa = PBXGroup;
			children = (
				BF56900A21F329EE00FFF61C /* Module */,
				BF56900C21F32A0300FFF61C /* View */,
				BF56900B21F329FF00FFF61C /* Controller */,
				BF109DDF21DDEC1100E5B604 /* Info.plist */,
				BF109DDA21DDEC1100E5B604 /* Assets.xcassets */,
			);
			path = reamlRememberTools;
			sourceTree = "<group>";
		};
		BF109DE521DDEC6A00E5B604 /* Tools */ = {
			isa = PBXGroup;
			children = (
				BF109DE621DDEC6A00E5B604 /* extension+UIView.swift */,
				BF109DE721DDEC6A00E5B604 /* extension+Double.swift */,
				BF56904021FC3A1900FFF61C /* extension+Array.swift */,
				BF56904221FC3A5700FFF61C /* Tools.swift */,
			);
			path = Tools;
			sourceTree = "<group>";
		};
		BF109DEA21DDEC7200E5B604 /* TableView */ = {
			isa = PBXGroup;
			children = (
				BF109DEB21DDEC7200E5B604 /* TableViewViewController.swift */,
				BF109DEC21DDEC7200E5B604 /* TableViewCellViewController.swift */,
			);
			path = TableView;
			sourceTree = "<group>";
		};
		BF109DF121DDEC8900E5B604 /* data-xib */ = {
			isa = PBXGroup;
			children = (
				BF109DF221DDEC8900E5B604 /* addData.swift */,
				BF109DF321DDEC8900E5B604 /* addData.xib */,
				BFD886C821E6106D00ADC441 /* addNumber.swift */,
				BFD886CA21E6107700ADC441 /* addNumber.xib */,
			);
			path = "data-xib";
			sourceTree = "<group>";
		};
		BF267BB7222967D500465E41 /* Lottie */ = {
			isa = PBXGroup;
			children = (
				BF267BB8222967EC00465E41 /* special_circle.json */,
				BF267BB5222962E000465E41 /* LottieAnimationViewController.swift */,
			);
			path = Lottie;
			sourceTree = "<group>";
		};
		BF56900A21F329EE00FFF61C /* Module */ = {
			isa = PBXGroup;
			children = (
				BF109DF621DDEC9D00E5B604 /* DetailViewController.swift */,
				BFF7354721E86B1000B4C12F /* YearTableView */,
				BF109DEA21DDEC7200E5B604 /* TableView */,
				BF109DE521DDEC6A00E5B604 /* Tools */,
			);
			path = Module;
			sourceTree = "<group>";
		};
		BF56900B21F329FF00FFF61C /* Controller */ = {
			isa = PBXGroup;
			children = (
				BF267BB7222967D500465E41 /* Lottie */,
				BF56904421FC3AAF00FFF61C /* Controller */,
				BFF7354E21E86B9F00B4C12F /* RealmSwiftData */,
			);
			name = Controller;
			path = Module/Controller;
			sourceTree = "<group>";
		};
		BF56900C21F32A0300FFF61C /* View */ = {
			isa = PBXGroup;
			children = (
				BF109DEF21DDEC7F00E5B604 /* Main.storyboard */,
				BF109DDC21DDEC1100E5B604 /* LaunchScreen.storyboard */,
				BFBC902F223945B200C4DE29 /* profile-xib */,
				BF109DF121DDEC8900E5B604 /* data-xib */,
				BF56903721FB4E7100FFF61C /* edit-xib */,
			);
			path = View;
			sourceTree = "<group>";
		};
		BF56903721FB4E7100FFF61C /* edit-xib */ = {
			isa = PBXGroup;
			children = (
				BF56903821FB4E7100FFF61C /* editNumber.swift */,
				BF56903921FB4E7100FFF61C /* editNumber.xib */,
				BF56903A21FB4E7100FFF61C /* editData.swift */,
				BF56903B21FB4E7100FFF61C /* editData.xib */,
			);
			path = "edit-xib";
			sourceTree = "<group>";
		};
		BF56904421FC3AAF00FFF61C /* Controller */ = {
			isa = PBXGroup;
			children = (
				BF109DD321DDEC0F00E5B604 /* AppDelegate.swift */,
				BF56900D21F5C5F700FFF61C /* CheckNetwork.swift */,
				BF109DF821DDECB200E5B604 /* ViewController.swift */,
				BF3CA8C7220C0FCD009E3069 /* SettingViewController.swift */,
			);
			path = Controller;
			sourceTree = "<group>";
		};
		BFBC902F223945B200C4DE29 /* profile-xib */ = {
			isa = PBXGroup;
			children = (
				BFBC9032223945F200C4DE29 /* profile.swift */,
				BFBC9030223945DF00C4DE29 /* profile.xib */,
			);
			path = "profile-xib";
			sourceTree = "<group>";
		};
		BFF7354721E86B1000B4C12F /* YearTableView */ = {
			isa = PBXGroup;
			children = (
				BFF7354F21E86F1400B4C12F /* YearTableViewController.swift */,
				BFF7354C21E86B8A00B4C12F /* YearTableViewCell.swift */,
			);
			path = YearTableView;
			sourceTree = "<group>";
		};
		BFF7354E21E86B9F00B4C12F /* RealmSwiftData */ = {
			isa = PBXGroup;
			children = (
				BF109DFA21DDF37900E5B604 /* Stock.swift */,
				BF56903521FAE63F00FFF61C /* realmAction.swift */,
			);
			path = RealmSwiftData;
			sourceTree = "<group>";
		};
/* End PBXGroup section */

/* Begin PBXNativeTarget section */
		BF109DCF21DDEC0F00E5B604 /* reamlRememberTools */ = {
			isa = PBXNativeTarget;
			buildConfigurationList = BF109DE221DDEC1100E5B604 /* Build configuration list for PBXNativeTarget "reamlRememberTools" */;
			buildPhases = (
				1F64C74D032E533B960C7DF2 /* [CP] Check Pods Manifest.lock */,
				BF109DCC21DDEC0F00E5B604 /* Sources */,
				BF109DCD21DDEC0F00E5B604 /* Frameworks */,
				BF109DCE21DDEC0F00E5B604 /* Resources */,
				2CA97542630788700A3AB608 /* [CP] Embed Pods Frameworks */,
			);
			buildRules = (
			);
			dependencies = (
			);
			name = reamlRememberTools;
			productName = reamlRememberTools;
			productReference = BF109DD021DDEC0F00E5B604 /* reamlRememberTools.app */;
			productType = "com.apple.product-type.application";
		};
/* End PBXNativeTarget section */

/* Begin PBXProject section */
		BF109DC821DDEC0F00E5B604 /* Project object */ = {
			isa = PBXProject;
			attributes = {
				LastSwiftUpdateCheck = 1010;
				LastUpgradeCheck = 1010;
				ORGANIZATIONNAME = "洪立德";
				TargetAttributes = {
					BF109DCF21DDEC0F00E5B604 = {
						CreatedOnToolsVersion = 10.1;
					};
				};
			};
			buildConfigurationList = BF109DCB21DDEC0F00E5B604 /* Build configuration list for PBXProject "reamlRememberTools" */;
			compatibilityVersion = "Xcode 9.3";
			developmentRegion = en;
			hasScannedForEncodings = 0;
			knownRegions = (
				en,
				Base,
			);
			mainGroup = BF109DC721DDEC0F00E5B604;
			productRefGroup = BF109DD121DDEC0F00E5B604 /* Products */;
			projectDirPath = "";
			projectRoot = "";
			targets = (
				BF109DCF21DDEC0F00E5B604 /* reamlRememberTools */,
			);
		};
/* End PBXProject section */

/* Begin PBXResourcesBuildPhase section */
		BF109DCE21DDEC0F00E5B604 /* Resources */ = {
			isa = PBXResourcesBuildPhase;
			buildActionMask = 2147483647;
			files = (
				BF109DF021DDEC7F00E5B604 /* Main.storyboard in Resources */,
				BF109DDE21DDEC1100E5B604 /* LaunchScreen.storyboard in Resources */,
				BF109DDB21DDEC1100E5B604 /* Assets.xcassets in Resources */,
				BF109DF521DDEC8900E5B604 /* addData.xib in Resources */,
				BF56903D21FB4E7100FFF61C /* editNumber.xib in Resources */,
				BF267BB9222967EC00465E41 /* special_circle.json in Resources */,
				BF56903F21FB4E7100FFF61C /* editData.xib in Resources */,
				BFBC9031223945DF00C4DE29 /* profile.xib in Resources */,
				BFD886CB21E6107700ADC441 /* addNumber.xib in Resources */,
			);
			runOnlyForDeploymentPostprocessing = 0;
		};
/* End PBXResourcesBuildPhase section */

/* Begin PBXShellScriptBuildPhase section */
		1F64C74D032E533B960C7DF2 /* [CP] Check Pods Manifest.lock */ = {
			isa = PBXShellScriptBuildPhase;
			buildActionMask = 2147483647;
			files = (
			);
			inputFileListPaths = (
			);
			inputPaths = (
				"${PODS_PODFILE_DIR_PATH}/Podfile.lock",
				"${PODS_ROOT}/Manifest.lock",
			);
			name = "[CP] Check Pods Manifest.lock";
			outputFileListPaths = (
			);
			outputPaths = (
				"$(DERIVED_FILE_DIR)/Pods-reamlRememberTools-checkManifestLockResult.txt",
			);
			runOnlyForDeploymentPostprocessing = 0;
			shellPath = /bin/sh;
			shellScript = "diff \"${PODS_PODFILE_DIR_PATH}/Podfile.lock\" \"${PODS_ROOT}/Manifest.lock\" > /dev/null\nif [ $? != 0 ] ; then\n    # print error to STDERR\n    echo \"error: The sandbox is not in sync with the Podfile.lock. Run 'pod install' or update your CocoaPods installation.\" >&2\n    exit 1\nfi\n# This output is used by Xcode 'outputs' to avoid re-running this script phase.\necho \"SUCCESS\" > \"${SCRIPT_OUTPUT_FILE_0}\"\n";
			showEnvVarsInLog = 0;
		};
		2CA97542630788700A3AB608 /* [CP] Embed Pods Frameworks */ = {
			isa = PBXShellScriptBuildPhase;
			buildActionMask = 2147483647;
			files = (
			);
			inputFileListPaths = (
			);
			inputPaths = (
				"${SRCROOT}/Pods/Target Support Files/Pods-reamlRememberTools/Pods-reamlRememberTools-frameworks.sh",
				"${BUILT_PRODUCTS_DIR}/IQKeyboardManager/IQKeyboardManager.framework",
				"${BUILT_PRODUCTS_DIR}/Realm/Realm.framework",
				"${BUILT_PRODUCTS_DIR}/RealmSwift/RealmSwift.framework",
				"${BUILT_PRODUCTS_DIR}/TextFieldEffects/TextFieldEffects.framework",
				"${BUILT_PRODUCTS_DIR}/lottie-ios/Lottie.framework",
			);
			name = "[CP] Embed Pods Frameworks";
			outputFileListPaths = (
			);
			outputPaths = (
				"${TARGET_BUILD_DIR}/${FRAMEWORKS_FOLDER_PATH}/IQKeyboardManager.framework",
				"${TARGET_BUILD_DIR}/${FRAMEWORKS_FOLDER_PATH}/Realm.framework",
				"${TARGET_BUILD_DIR}/${FRAMEWORKS_FOLDER_PATH}/RealmSwift.framework",
				"${TARGET_BUILD_DIR}/${FRAMEWORKS_FOLDER_PATH}/TextFieldEffects.framework",
				"${TARGET_BUILD_DIR}/${FRAMEWORKS_FOLDER_PATH}/Lottie.framework",
			);
			runOnlyForDeploymentPostprocessing = 0;
			shellPath = /bin/sh;
			shellScript = "\"${SRCROOT}/Pods/Target Support Files/Pods-reamlRememberTools/Pods-reamlRememberTools-frameworks.sh\"\n";
			showEnvVarsInLog = 0;
		};
/* End PBXShellScriptBuildPhase section */

/* Begin PBXSourcesBuildPhase section */
		BF109DCC21DDEC0F00E5B604 /* Sources */ = {
			isa = PBXSourcesBuildPhase;
			buildActionMask = 2147483647;
			files = (
				BF56900E21F5C5F700FFF61C /* CheckNetwork.swift in Sources */,
				BF56903621FAE64000FFF61C /* realmAction.swift in Sources */,
				BFD886C921E6106D00ADC441 /* addNumber.swift in Sources */,
				BF109DE821DDEC6A00E5B604 /* extension+UIView.swift in Sources */,
				BF109DF421DDEC8900E5B604 /* addData.swift in Sources */,
				BF109DEE21DDEC7200E5B604 /* TableViewCellViewController.swift in Sources */,
				BF109DE921DDEC6A00E5B604 /* extension+Double.swift in Sources */,
				BF109DD421DDEC0F00E5B604 /* AppDelegate.swift in Sources */,
				BF109DED21DDEC7200E5B604 /* TableViewViewController.swift in Sources */,
				BF56903E21FB4E7100FFF61C /* editData.swift in Sources */,
				BF267BB6222962E000465E41 /* LottieAnimationViewController.swift in Sources */,
				BF56904121FC3A1900FFF61C /* extension+Array.swift in Sources */,
				BF56903C21FB4E7100FFF61C /* editNumber.swift in Sources */,
				BF109DF921DDECB200E5B604 /* ViewController.swift in Sources */,
				BFF7355021E86F1400B4C12F /* YearTableViewController.swift in Sources */,
				BFF7354D21E86B8A00B4C12F /* YearTableViewCell.swift in Sources */,
				BF56904321FC3A5700FFF61C /* Tools.swift in Sources */,
				BF3CA8C8220C0FCD009E3069 /* SettingViewController.swift in Sources */,
				BFBC9033223945F200C4DE29 /* profile.swift in Sources */,
				BF109DF721DDEC9D00E5B604 /* DetailViewController.swift in Sources */,
				BF109DFB21DDF37900E5B604 /* Stock.swift in Sources */,
			);
			runOnlyForDeploymentPostprocessing = 0;
		};
/* End PBXSourcesBuildPhase section */

/* Begin PBXVariantGroup section */
		BF109DDC21DDEC1100E5B604 /* LaunchScreen.storyboard */ = {
			isa = PBXVariantGroup;
			children = (
				BF109DDD21DDEC1100E5B604 /* Base */,
			);
			name = LaunchScreen.storyboard;
			sourceTree = "<group>";
		};
/* End PBXVariantGroup section */

/* Begin XCBuildConfiguration section */
		BF109DE021DDEC1100E5B604 /* Debug */ = {
			isa = XCBuildConfiguration;
			buildSettings = {
				ALWAYS_SEARCH_USER_PATHS = NO;
				CLANG_ANALYZER_NONNULL = YES;
				CLANG_ANALYZER_NUMBER_OBJECT_CONVERSION = YES_AGGRESSIVE;
				CLANG_CXX_LANGUAGE_STANDARD = "gnu++14";
				CLANG_CXX_LIBRARY = "libc++";
				CLANG_ENABLE_MODULES = YES;
				CLANG_ENABLE_OBJC_ARC = YES;
				CLANG_ENABLE_OBJC_WEAK = YES;
				CLANG_WARN_BLOCK_CAPTURE_AUTORELEASING = YES;
				CLANG_WARN_BOOL_CONVERSION = YES;
				CLANG_WARN_COMMA = YES;
				CLANG_WARN_CONSTANT_CONVERSION = YES;
				CLANG_WARN_DEPRECATED_OBJC_IMPLEMENTATIONS = YES;
				CLANG_WARN_DIRECT_OBJC_ISA_USAGE = YES_ERROR;
				CLANG_WARN_DOCUMENTATION_COMMENTS = YES;
				CLANG_WARN_EMPTY_BODY = YES;
				CLANG_WARN_ENUM_CONVERSION = YES;
				CLANG_WARN_INFINITE_RECURSION = YES;
				CLANG_WARN_INT_CONVERSION = YES;
				CLANG_WARN_NON_LITERAL_NULL_CONVERSION = YES;
				CLANG_WARN_OBJC_IMPLICIT_RETAIN_SELF = YES;
				CLANG_WARN_OBJC_LITERAL_CONVERSION = YES;
				CLANG_WARN_OBJC_ROOT_CLASS = YES_ERROR;
				CLANG_WARN_RANGE_LOOP_ANALYSIS = YES;
				CLANG_WARN_STRICT_PROTOTYPES = YES;
				CLANG_WARN_SUSPICIOUS_MOVE = YES;
				CLANG_WARN_UNGUARDED_AVAILABILITY = YES_AGGRESSIVE;
				CLANG_WARN_UNREACHABLE_CODE = YES;
				CLANG_WARN__DUPLICATE_METHOD_MATCH = YES;
				CODE_SIGN_IDENTITY = "iPhone Developer";
				COPY_PHASE_STRIP = NO;
				DEBUG_INFORMATION_FORMAT = dwarf;
				ENABLE_STRICT_OBJC_MSGSEND = YES;
				ENABLE_TESTABILITY = YES;
				GCC_C_LANGUAGE_STANDARD = gnu11;
				GCC_DYNAMIC_NO_PIC = NO;
				GCC_NO_COMMON_BLOCKS = YES;
				GCC_OPTIMIZATION_LEVEL = 0;
				GCC_PREPROCESSOR_DEFINITIONS = (
					"DEBUG=1",
					"$(inherited)",
				);
				GCC_WARN_64_TO_32_BIT_CONVERSION = YES;
				GCC_WARN_ABOUT_RETURN_TYPE = YES_ERROR;
				GCC_WARN_UNDECLARED_SELECTOR = YES;
				GCC_WARN_UNINITIALIZED_AUTOS = YES_AGGRESSIVE;
				GCC_WARN_UNUSED_FUNCTION = YES;
				GCC_WARN_UNUSED_VARIABLE = YES;
				IPHONEOS_DEPLOYMENT_TARGET = 10.0;
				MTL_ENABLE_DEBUG_INFO = INCLUDE_SOURCE;
				MTL_FAST_MATH = YES;
				ONLY_ACTIVE_ARCH = YES;
				SDKROOT = iphoneos;
				SWIFT_ACTIVE_COMPILATION_CONDITIONS = DEBUG;
				SWIFT_OPTIMIZATION_LEVEL = "-Onone";
			};
			name = Debug;
		};
		BF109DE121DDEC1100E5B604 /* Release */ = {
			isa = XCBuildConfiguration;
			buildSettings = {
				ALWAYS_SEARCH_USER_PATHS = NO;
				CLANG_ANALYZER_NONNULL = YES;
				CLANG_ANALYZER_NUMBER_OBJECT_CONVERSION = YES_AGGRESSIVE;
				CLANG_CXX_LANGUAGE_STANDARD = "gnu++14";
				CLANG_CXX_LIBRARY = "libc++";
				CLANG_ENABLE_MODULES = YES;
				CLANG_ENABLE_OBJC_ARC = YES;
				CLANG_ENABLE_OBJC_WEAK = YES;
				CLANG_WARN_BLOCK_CAPTURE_AUTORELEASING = YES;
				CLANG_WARN_BOOL_CONVERSION = YES;
				CLANG_WARN_COMMA = YES;
				CLANG_WARN_CONSTANT_CONVERSION = YES;
				CLANG_WARN_DEPRECATED_OBJC_IMPLEMENTATIONS = YES;
				CLANG_WARN_DIRECT_OBJC_ISA_USAGE = YES_ERROR;
				CLANG_WARN_DOCUMENTATION_COMMENTS = YES;
				CLANG_WARN_EMPTY_BODY = YES;
				CLANG_WARN_ENUM_CONVERSION = YES;
				CLANG_WARN_INFINITE_RECURSION = YES;
				CLANG_WARN_INT_CONVERSION = YES;
				CLANG_WARN_NON_LITERAL_NULL_CONVERSION = YES;
				CLANG_WARN_OBJC_IMPLICIT_RETAIN_SELF = YES;
				CLANG_WARN_OBJC_LITERAL_CONVERSION = YES;
				CLANG_WARN_OBJC_ROOT_CLASS = YES_ERROR;
				CLANG_WARN_RANGE_LOOP_ANALYSIS = YES;
				CLANG_WARN_STRICT_PROTOTYPES = YES;
				CLANG_WARN_SUSPICIOUS_MOVE = YES;
				CLANG_WARN_UNGUARDED_AVAILABILITY = YES_AGGRESSIVE;
				CLANG_WARN_UNREACHABLE_CODE = YES;
				CLANG_WARN__DUPLICATE_METHOD_MATCH = YES;
				CODE_SIGN_IDENTITY = "iPhone Developer";
				COPY_PHASE_STRIP = NO;
				DEBUG_INFORMATION_FORMAT = "dwarf-with-dsym";
				ENABLE_NS_ASSERTIONS = NO;
				ENABLE_STRICT_OBJC_MSGSEND = YES;
				GCC_C_LANGUAGE_STANDARD = gnu11;
				GCC_NO_COMMON_BLOCKS = YES;
				GCC_WARN_64_TO_32_BIT_CONVERSION = YES;
				GCC_WARN_ABOUT_RETURN_TYPE = YES_ERROR;
				GCC_WARN_UNDECLARED_SELECTOR = YES;
				GCC_WARN_UNINITIALIZED_AUTOS = YES_AGGRESSIVE;
				GCC_WARN_UNUSED_FUNCTION = YES;
				GCC_WARN_UNUSED_VARIABLE = YES;
				IPHONEOS_DEPLOYMENT_TARGET = 10.0;
				MTL_ENABLE_DEBUG_INFO = NO;
				MTL_FAST_MATH = YES;
				SDKROOT = iphoneos;
				SWIFT_COMPILATION_MODE = wholemodule;
				SWIFT_OPTIMIZATION_LEVEL = "-O";
				VALIDATE_PRODUCT = YES;
			};
			name = Release;
		};
		BF109DE321DDEC1100E5B604 /* Debug */ = {
			isa = XCBuildConfiguration;
			baseConfigurationReference = DBB000EF5D0400BF99AB7A8A /* Pods-reamlRememberTools.debug.xcconfig */;
			buildSettings = {
				ASSETCATALOG_COMPILER_APPICON_NAME = AppIcon;
				CODE_SIGN_IDENTITY = "iPhone Developer";
				"CODE_SIGN_IDENTITY[sdk=iphoneos*]" = "iPhone Developer";
				CODE_SIGN_STYLE = Manual;
				CURRENT_PROJECT_VERSION = 1;
				DEVELOPMENT_TEAM = 2TWMWL39TU;
				INFOPLIST_FILE = reamlRememberTools/Info.plist;
				IPHONEOS_DEPLOYMENT_TARGET = 10.0;
				LD_RUNPATH_SEARCH_PATHS = (
					"$(inherited)",
					"@executable_path/Frameworks",
				);
				PRODUCT_BUNDLE_IDENTIFIER = com.jimmy.reamlRememberTools;
				PRODUCT_NAME = "$(TARGET_NAME)";
				PROVISIONING_PROFILE_SPECIFIER = "match Development com.jimmy.reamlRememberTools";
				SWIFT_VERSION = 4.2;
				TARGETED_DEVICE_FAMILY = 1;
			};
			name = Debug;
		};
		BF109DE421DDEC1100E5B604 /* Release */ = {
			isa = XCBuildConfiguration;
			baseConfigurationReference = CF64E39629E9FF6D5D8FF8DB /* Pods-reamlRememberTools.release.xcconfig */;
			buildSettings = {
				ASSETCATALOG_COMPILER_APPICON_NAME = AppIcon;
				CODE_SIGN_IDENTITY = "iPhone Distribution";
				"CODE_SIGN_IDENTITY[sdk=iphoneos*]" = "iPhone Distribution";
				CODE_SIGN_STYLE = Manual;
				CURRENT_PROJECT_VERSION = 1;
				DEVELOPMENT_TEAM = 2TWMWL39TU;
				INFOPLIST_FILE = reamlRememberTools/Info.plist;
				IPHONEOS_DEPLOYMENT_TARGET = 10.0;
				LD_RUNPATH_SEARCH_PATHS = (
					"$(inherited)",
					"@executable_path/Frameworks",
				);
				PRODUCT_BUNDLE_IDENTIFIER = com.jimmy.reamlRememberTools;
				PRODUCT_NAME = "$(TARGET_NAME)";
				PROVISIONING_PROFILE_SPECIFIER = "match AppStore com.jimmy.reamlRememberTools";
				SWIFT_VERSION = 4.2;
				TARGETED_DEVICE_FAMILY = 1;
			};
			name = Release;
		};
/* End XCBuildConfiguration section */

/* Begin XCConfigurationList section */
		BF109DCB21DDEC0F00E5B604 /* Build configuration list for PBXProject "reamlRememberTools" */ = {
			isa = XCConfigurationList;
			buildConfigurations = (
				BF109DE021DDEC1100E5B604 /* Debug */,
				BF109DE121DDEC1100E5B604 /* Release */,
			);
			defaultConfigurationIsVisible = 0;
			defaultConfigurationName = Release;
		};
		BF109DE221DDEC1100E5B604 /* Build configuration list for PBXNativeTarget "reamlRememberTools" */ = {
			isa = XCConfigurationList;
			buildConfigurations = (
				BF109DE321DDEC1100E5B604 /* Debug */,
				BF109DE421DDEC1100E5B604 /* Release */,
			);
			defaultConfigurationIsVisible = 0;
			defaultConfigurationName = Release;
		};
/* End XCConfigurationList section */
	};
	rootObject = BF109DC821DDEC0F00E5B604 /* Project object */;
}
